<?xml version="1.0" encoding="utf-8"?>
<Project ToolsVersion="4.0" xmlns="http://schemas.microsoft.com/developer/msbuild/2003">
  <ItemGroup>
    <Filter Include="Resource Files">
      <UniqueIdentifier>{67DA6AB6-F800-4c08-8B7A-83BB121AAD01}</UniqueIdentifier>
      <Extensions>rc;ico;cur;bmp;dlg;rc2;rct;bin;rgs;gif;jpg;jpeg;jpe;resx;tiff;tif;png;wav;mfcribbon-ms</Extensions>
    </Filter>
    <Filter Include="Header Files">
      <UniqueIdentifier>{ebf362ed-0a9b-4a5a-b9d7-6facc546ecd8}</UniqueIdentifier>
    </Filter>
    <Filter Include="Source Files">
      <UniqueIdentifier>{2ef0525b-bd31-443c-9e6f-8b0e7966f86b}</UniqueIdentifier>
    </Filter>
  </ItemGroup>
  <ItemGroup>
    <ClInclude Include="Include\BorderlessWindow.h">
      <Filter>Header Files</Filter>
    </ClInclude>
    <ClInclude Include="Include\Framework.h">
      <Filter>Header Files</Filter>
    </ClInclude>
    <ClInclude Include="Include\Runtime.h">
      <Filter>Header Files</Filter>
    </ClInclude>
    <ClInclude Include="Include\TransparentWindow.h">
      <Filter>Header Files</Filter>
    </ClInclude>
    <ClInclude Include="Include\VisualizerWindow.h">
      <Filter>Header Files</Filter>
    </ClInclude>
    <ClInclude Include="Include\Window.h">
      <Filter>Header Files</Filter>
    </ClInclude>
    <ClInclude Include="Include\Resource.h">
      <Filter>Header Files</Filter>
    </ClInclude>
    <ClInclude Include="Include\VisualizerRegistry.h">
      <Filter>Header Files</Filter>
    </ClInclude>
    <ClInclude Include="Include\Target.h">
      <Filter>Header Files</Filter>
    </ClInclude>
  </ItemGroup>
  <ItemGroup>
    <ResourceCompile Include="Dance.rc">
      <Filter>Resource Files</Filter>
    </ResourceCompile>
  </ItemGroup>
  <ItemGroup>
    <Image Include="small.ico">
      <Filter>Resource Files</Filter>
    </Image>
    <Image Include="Dance.ico">
      <Filter>Resource Files</Filter>
    </Image>
  </ItemGroup>
  <ItemGroup>
    <None Include="Macros.hint" />
  </ItemGroup>
  <ItemGroup>
    <ClCompile Include="Source\BorderlessWindow.cpp">
      <Filter>Source Files</Filter>
    </ClCompile>
    <ClCompile Include="Source\Main.cpp">
      <Filter>Source Files</Filter>
    </ClCompile>
    <ClCompile Include="Source\Runtime.cpp">
      <Filter>Source Files</Filter>
    </ClCompile>
    <ClCompile Include="Source\TransparentWindow.cpp">
      <Filter>Source Files</Filter>
    </ClCompile>
    <ClCompile Include="Source\VisualizerWindow.cpp">
      <Filter>Source Files</Filter>
    </ClCompile>
    <ClCompile Include="Source\Window.cpp">
      <Filter>Source Files</Filter>
    </ClCompile>
    <ClCompile Include="Source\VisualizerRegistry.cpp">
      <Filter>Source Files</Filter>
    </ClCompile>
  </ItemGroup>
</Project>