
Microsoft Visual Studio Solution File, Format Version 12.00
# Visual Studio Version 16
VisualStudioVersion = 16.0.31624.102
MinimumVisualStudioVersion = 10.0.40219.1
Project("{8BC9CEB8-8B4A-11D0-8D11-00A0C91BC942}") = "Dance", "Dance.vcxproj", "{7859DF26-A04A-43DD-95B1-95657A5B5BBB}"
EndProject
Project("{8BC9CEB8-8B4A-11D0-8D11-00A0C91BC942}") = "Bars", "..\Plugins\Bars\Bars.vcxproj", "{0235C369-CACD-4161-8FC8-0366F8CA8930}"
EndProject
Global
	GlobalSection(SolutionConfigurationPlatforms) = preSolution
		Debug|x64 = Debug|x64
		Debug|x86 = Debug|x86
		Release|x64 = Release|x64
		Release|x86 = Release|x86
	EndGlobalSection
	GlobalSection(ProjectConfigurationPlatforms) = postSolution
		{7859DF26-A04A-43DD-95B1-95657A5B5BBB}.Debug|x64.ActiveCfg = Debug|x64
		{7859DF26-A04A-43DD-95B1-95657A5B5BBB}.Debug|x64.Build.0 = Debug|x64
		{7859DF26-A04A-43DD-95B1-95657A5B5BBB}.Debug|x86.ActiveCfg = Debug|Win32
		{7859DF26-A04A-43DD-95B1-95657A5B5BBB}.Debug|x86.Build.0 = Debug|Win32
		{7859DF26-A04A-43DD-95B1-95657A5B5BBB}.Release|x64.ActiveCfg = Release|x64
		{7859DF26-A04A-43DD-95B1-95657A5B5BBB}.Release|x64.Build.0 = Release|x64
		{7859DF26-A04A-43DD-95B1-95657A5B5BBB}.Release|x86.ActiveCfg = Release|Win32
		{7859DF26-A04A-43DD-95B1-95657A5B5BBB}.Release|x86.Build.0 = Release|Win32
		{0235C369-CACD-4161-8FC8-0366F8CA8930}.Debug|x64.ActiveCfg = Debug|x64
		{0235C369-CACD-4161-8FC8-0366F8CA8930}.Debug|x64.Build.0 = Debug|x64
		{0235C369-CACD-4161-8FC8-0366F8CA8930}.Debug|x86.ActiveCfg = Debug|Win32
		{0235C369-CACD-4161-8FC8-0366F8CA8930}.Debug|x86.Build.0 = Debug|Win32
		{0235C369-CACD-4161-8FC8-0366F8CA8930}.Release|x64.ActiveCfg = Release|x64
		{0235C369-CACD-4161-8FC8-0366F8CA8930}.Release|x64.Build.0 = Release|x64
		{0235C369-CACD-4161-8FC8-0366F8CA8930}.Release|x86.ActiveCfg = Release|Win32
		{0235C369-CACD-4161-8FC8-0366F8CA8930}.Release|x86.Build.0 = Release|Win32
	EndGlobalSection
	GlobalSection(SolutionProperties) = preSolution
		HideSolutionNode = FALSE
	EndGlobalSection
	GlobalSection(ExtensibilityGlobals) = postSolution
		SolutionGuid = {1C7C5E61-C06B-4D1F-9C91-FD947E3551C8}
	EndGlobalSection
EndGlobal
